
Microsoft Visual Studio Solution File, Format Version 12.00
# Visual Studio Version 17
VisualStudioVersion = 17.14.37216.2 d17.14
MinimumVisualStudioVersion = 10.0.40219.1
Project("{FAE04EC0-301F-11D3-BF4B-00C04F79EFBC}") = "ClinicSystem.Api", "ClinicSystem\ClinicSystem.Api.csproj", "{93B0741F-216C-4437-B630-9EDC120EDD0B}"
EndProject
Project("{FAE04EC0-301F-11D3-BF4B-00C04F79EFBC}") = "ClinicSystem.web", "ClinicSystem.web\ClinicSystem.web.csproj", "{0C94EFA0-258A-4C7F-876D-04707825AA3E}"
EndProject
Project("{FAE04EC0-301F-11D3-BF4B-00C04F79EFBC}") = "ClinicSystem.Reporting", "ClinicSystem.Reporting\ClinicSystem.Reporting.csproj", "{09521625-7E4B-4C7A-86D3-19E59D9D8DD2}"
EndProject
Global
	GlobalSection(SolutionConfigurationPlatforms) = preSolution
		Debug|Any CPU = Debug|Any CPU
		Release|Any CPU = Release|Any CPU
	EndGlobalSection
	GlobalSection(ProjectConfigurationPlatforms) = postSolution
		{93B0741F-216C-4437-B630-9EDC120EDD0B}.Debug|Any CPU.ActiveCfg = Debug|Any CPU
		{93B0741F-216C-4437-B630-9EDC120EDD0B}.Debug|Any CPU.Build.0 = Debug|Any CPU
		{93B0741F-216C-4437-B630-9EDC120EDD0B}.Release|Any CPU.ActiveCfg = Release|Any CPU
		{93B0741F-216C-4437-B630-9EDC120EDD0B}.Release|Any CPU.Build.0 = Release|Any CPU
		{0C94EFA0-258A-4C7F-876D-04707825AA3E}.Debug|Any CPU.ActiveCfg = Debug|Any CPU
		{0C94EFA0-258A-4C7F-876D-04707825AA3E}.Debug|Any CPU.Build.0 = Debug|Any CPU
		{0C94EFA0-258A-4C7F-876D-04707825AA3E}.Release|Any CPU.ActiveCfg = Release|Any CPU
		{0C94EFA0-258A-4C7F-876D-04707825AA3E}.Release|Any CPU.Build.0 = Release|Any CPU
		{09521625-7E4B-4C7A-86D3-19E59D9D8DD2}.Debug|Any CPU.ActiveCfg = Debug|Any CPU
		{09521625-7E4B-4C7A-86D3-19E59D9D8DD2}.Debug|Any CPU.Build.0 = Debug|Any CPU
		{09521625-7E4B-4C7A-86D3-19E59D9D8DD2}.Release|Any CPU.ActiveCfg = Release|Any CPU
		{09521625-7E4B-4C7A-86D3-19E59D9D8DD2}.Release|Any CPU.Build.0 = Release|Any CPU
	EndGlobalSection
	GlobalSection(SolutionProperties) = preSolution
		HideSolutionNode = FALSE
	EndGlobalSection
	GlobalSection(ExtensibilityGlobals) = postSolution
		SolutionGuid = {0D6DDA59-52B4-4A9D-9039-0D0329B6EB38}
	EndGlobalSection
EndGlobal
